
Microsoft Visual Studio Solution File, Format Version 12.00
# Visual Studio 14
VisualStudioVersion = 14.0.22310.1
MinimumVisualStudioVersion = 10.0.40219.1
Project("{FAE04EC0-301F-11D3-BF4B-00C04F79EFBC}") = "WeavR.Analysers", "WeavR.Analysers\WeavR.Analysers.csproj", "{602798E9-07C8-4A74-ACB1-518B779D247B}"
EndProject
Project("{2150E333-8FDC-42A3-9474-1A3956D46DE8}") = ".nuget", ".nuget", "{783F82ED-058C-4A36-9303-EF8A9C4B7437}"
	ProjectSection(SolutionItems) = preProject
		.nuget\packages.config = .nuget\packages.config
	EndProjectSection
EndProject
Project("{FAE04EC0-301F-11D3-BF4B-00C04F79EFBC}") = "WeavR.Analysers.Test", "WeavR.Analysers.Test\WeavR.Analysers.Test.csproj", "{2C76D233-6200-4E60-94B2-71E804EE4AFB}"
EndProject
Project("{FAE04EC0-301F-11D3-BF4B-00C04F79EFBC}") = "WeavR.Analysers.Vsix", "WeavR.Analysers.Vsix\WeavR.Analysers.Vsix.csproj", "{A1946180-D5AD-40B6-A540-249DBB63A67D}"
EndProject
Global
	GlobalSection(SolutionConfigurationPlatforms) = preSolution
		BuildServer|Any CPU = BuildServer|Any CPU
		Debug|Any CPU = Debug|Any CPU
		Release|Any CPU = Release|Any CPU
	EndGlobalSection
	GlobalSection(ProjectConfigurationPlatforms) = postSolution
		{602798E9-07C8-4A74-ACB1-518B779D247B}.BuildServer|Any CPU.ActiveCfg = Release|Any CPU
		{602798E9-07C8-4A74-ACB1-518B779D247B}.BuildServer|Any CPU.Build.0 = Release|Any CPU
		{602798E9-07C8-4A74-ACB1-518B779D247B}.Debug|Any CPU.ActiveCfg = Debug|Any CPU
		{602798E9-07C8-4A74-ACB1-518B779D247B}.Debug|Any CPU.Build.0 = Debug|Any CPU
		{602798E9-07C8-4A74-ACB1-518B779D247B}.Release|Any CPU.ActiveCfg = Release|Any CPU
		{602798E9-07C8-4A74-ACB1-518B779D247B}.Release|Any CPU.Build.0 = Release|Any CPU
		{2C76D233-6200-4E60-94B2-71E804EE4AFB}.BuildServer|Any CPU.ActiveCfg = Release|Any CPU
		{2C76D233-6200-4E60-94B2-71E804EE4AFB}.BuildServer|Any CPU.Build.0 = Release|Any CPU
		{2C76D233-6200-4E60-94B2-71E804EE4AFB}.Debug|Any CPU.ActiveCfg = Debug|Any CPU
		{2C76D233-6200-4E60-94B2-71E804EE4AFB}.Debug|Any CPU.Build.0 = Debug|Any CPU
		{2C76D233-6200-4E60-94B2-71E804EE4AFB}.Release|Any CPU.ActiveCfg = Release|Any CPU
		{2C76D233-6200-4E60-94B2-71E804EE4AFB}.Release|Any CPU.Build.0 = Release|Any CPU
		{A1946180-D5AD-40B6-A540-249DBB63A67D}.BuildServer|Any CPU.ActiveCfg = BuildServer|Any CPU
		{A1946180-D5AD-40B6-A540-249DBB63A67D}.BuildServer|Any CPU.Build.0 = BuildServer|Any CPU
		{A1946180-D5AD-40B6-A540-249DBB63A67D}.Debug|Any CPU.ActiveCfg = Debug|Any CPU
		{A1946180-D5AD-40B6-A540-249DBB63A67D}.Debug|Any CPU.Build.0 = Debug|Any CPU
		{A1946180-D5AD-40B6-A540-249DBB63A67D}.Release|Any CPU.ActiveCfg = Release|Any CPU
		{A1946180-D5AD-40B6-A540-249DBB63A67D}.Release|Any CPU.Build.0 = Release|Any CPU
	EndGlobalSection
	GlobalSection(SolutionProperties) = preSolution
		HideSolutionNode = FALSE
	EndGlobalSection
EndGlobal
